// !$*UTF8*$!
{
	archiveVersion = 1;
	classes = {
	};
	objectVersion = 50;
	objects = {

/* Begin PBXBuildFile section */
		7F0BC97B241A55EF00C6E2AB /* AppDelegate.swift in Sources */ = {isa = PBXBuildFile; fileRef = 7F0BC97A241A55EF00C6E2AB /* AppDelegate.swift */; };
		7F0BC97D241A55EF00C6E2AB /* SceneDelegate.swift in Sources */ = {isa = PBXBuildFile; fileRef = 7F0BC97C241A55EF00C6E2AB /* SceneDelegate.swift */; };
		7F0BC97F241A55EF00C6E2AB /* ViewController.swift in Sources */ = {isa = PBXBuildFile; fileRef = 7F0BC97E241A55EF00C6E2AB /* ViewController.swift */; };
		7F0BC982241A55EF00C6E2AB /* Main.storyboard in Resources */ = {isa = PBXBuildFile; fileRef = 7F0BC980241A55EF00C6E2AB /* Main.storyboard */; };
		7F0BC984241A55EF00C6E2AB /* Assets.xcassets in Resources */ = {isa = PBXBuildFile; fileRef = 7F0BC983241A55EF00C6E2AB /* Assets.xcassets */; };
		7F0BC987241A55EF00C6E2AB /* LaunchScreen.storyboard in Resources */ = {isa = PBXBuildFile; fileRef = 7F0BC985241A55EF00C6E2AB /* LaunchScreen.storyboard */; };
		7F0BC992241A55EF00C6E2AB /* XylophoneTests.swift in Sources */ = {isa = PBXBuildFile; fileRef = 7F0BC991241A55EF00C6E2AB /* XylophoneTests.swift */; };
		7F0BC99D241A55EF00C6E2AB /* XylophoneUITests.swift in Sources */ = {isa = PBXBuildFile; fileRef = 7F0BC99C241A55EF00C6E2AB /* XylophoneUITests.swift */; };
/* End PBXBuildFile section */

/* Begin PBXContainerItemProxy section */
		7F0BC98E241A55EF00C6E2AB /* PBXContainerItemProxy */ = {
			isa = PBXContainerItemProxy;
			containerPortal = 7F0BC96F241A55EF00C6E2AB /* Project object */;
			proxyType = 1;
			remoteGlobalIDString = 7F0BC976241A55EF00C6E2AB;
			remoteInfo = Xylophone;
		};
		7F0BC999241A55EF00C6E2AB /* PBXContainerItemProxy */ = {
			isa = PBXContainerItemProxy;
			containerPortal = 7F0BC96F241A55EF00C6E2AB /* Project object */;
			proxyType = 1;
			remoteGlobalIDString = 7F0BC976241A55EF00C6E2AB;
			remoteInfo = Xylophone;
		};
/* End PBXContainerItemProxy section */

/* Begin PBXFileReference section */
		7F0BC977241A55EF00C6E2AB /* Xylophone.app */ = {isa = PBXFileReference; explicitFileType = wrapper.application; includeInIndex = 0; path = Xylophone.app; sourceTree = BUILT_PRODUCTS_DIR; };
		7F0BC97A241A55EF00C6E2AB /* AppDelegate.swift */ = {isa = PBXFileReference; lastKnownFileType = sourcecode.swift; path = AppDelegate.swift; sourceTree = "<group>"; };
		7F0BC97C241A55EF00C6E2AB /* SceneDelegate.swift */ = {isa = PBXFileReference; lastKnownFileType = sourcecode.swift; path = SceneDelegate.swift; sourceTree = "<group>"; };
		7F0BC97E241A55EF00C6E2AB /* ViewController.swift */ = {isa = PBXFileReference; lastKnownFileType = sourcecode.swift; path = ViewController.swift; sourceTree = "<group>"; };
		7F0BC981241A55EF00C6E2AB /* Base */ = {isa = PBXFileReference; lastKnownFileType = file.storyboard; name = Base; path = Base.lproj/Main.storyboard; sourceTree = "<group>"; };
		7F0BC983241A55EF00C6E2AB /* Assets.xcassets */ = {isa = PBXFileReference; lastKnownFileType = folder.assetcatalog; path = Assets.xcassets; sourceTree = "<group>"; };
		7F0BC986241A55EF00C6E2AB /* Base */ = {isa = PBXFileReference; lastKnownFileType = file.storyboard; name = Base; path = Base.lproj/LaunchScreen.storyboard; sourceTree = "<group>"; };
		7F0BC988241A55EF00C6E2AB /* Info.plist */ = {isa = PBXFileReference; lastKnownFileType = text.plist.xml; path = Info.plist; sourceTree = "<group>"; };
		7F0BC98D241A55EF00C6E2AB /* XylophoneTests.xctest */ = {isa = PBXFileReference; explicitFileType = wrapper.cfbundle; includeInIndex = 0; path = XylophoneTests.xctest; sourceTree = BUILT_PRODUCTS_DIR; };
		7F0BC991241A55EF00C6E2AB /* XylophoneTests.swift */ = {isa = PBXFileReference; lastKnownFileType = sourcecode.swift; path = XylophoneTests.swift; sourceTree = "<group>"; };
		7F0BC993241A55EF00C6E2AB /* Info.plist */ = {isa = PBXFileReference; lastKnownFileType = text.plist.xml; path = Info.plist; sourceTree = "<group>"; };
		7F0BC998241A55EF00C6E2AB /* XylophoneUITests.xctest */ = {isa = PBXFileReference; explicitFileType = wrapper.cfbundle; includeInIndex = 0; path = XylophoneUITests.xctest; sourceTree = BUILT_PRODUCTS_DIR; };
		7F0BC99C241A55EF00C6E2AB /* XylophoneUITests.swift */ = {isa = PBXFileReference; lastKnownFileType = sourcecode.swift; path = XylophoneUITests.swift; sourceTree = "<group>"; };
		7F0BC99E241A55EF00C6E2AB /* Info.plist */ = {isa = PBXFileReference; lastKnownFileType = text.plist.xml; path = Info.plist; sourceTree = "<group>"; };
/* End PBXFileReference section */

/* Begin PBXFrameworksBuildPhase section */
		7F0BC974241A55EF00C6E2AB /* Frameworks */ = {
			isa = PBXFrameworksBuildPhase;
			buildActionMask = 2147483647;
			files = (
			);
			runOnlyForDeploymentPostprocessing = 0;
		};
		7F0BC98A241A55EF00C6E2AB /* Frameworks */ = {
			isa = PBXFrameworksBuildPhase;
			buildActionMask = 2147483647;
			files = (
			);
			runOnlyForDeploymentPostprocessing = 0;
		};
		7F0BC995241A55EF00C6E2AB /* Frameworks */ = {
			isa = PBXFrameworksBuildPhase;
			buildActionMask = 2147483647;
			files = (
			);
			runOnlyForDeploymentPostprocessing = 0;
		};
/* End PBXFrameworksBuildPhase section */

/* Begin PBXGroup section */
		7F0BC96E241A55EF00C6E2AB = {
			isa = PBXGroup;
			children = (
				7F0BC979241A55EF00C6E2AB /* Xylophone */,
				7F0BC990241A55EF00C6E2AB /* XylophoneTests */,
				7F0BC99B241A55EF00C6E2AB /* XylophoneUITests */,
				7F0BC978241A55EF00C6E2AB /* Products */,
			);
			sourceTree = "<group>";
		};
		7F0BC978241A55EF00C6E2AB /* Products */ = {
			isa = PBXGroup;
			children = (
				7F0BC977241A55EF00C6E2AB /* Xylophone.app */,
				7F0BC98D241A55EF00C6E2AB /* XylophoneTests.xctest */,
				7F0BC998241A55EF00C6E2AB /* XylophoneUITests.xctest */,
			);
			name = Products;
			sourceTree = "<group>";
		};
		7F0BC979241A55EF00C6E2AB /* Xylophone */ = {
			isa = PBXGroup;
			children = (
				7F0BC97A241A55EF00C6E2AB /* AppDelegate.swift */,
				7F0BC97C241A55EF00C6E2AB /* SceneDelegate.swift */,
				7F0BC97E241A55EF00C6E2AB /* ViewController.swift */,
				7F0BC980241A55EF00C6E2AB /* Main.storyboard */,
				7F0BC983241A55EF00C6E2AB /* Assets.xcassets */,
				7F0BC985241A55EF00C6E2AB /* LaunchScreen.storyboard */,
				7F0BC988241A55EF00C6E2AB /* Info.plist */,
			);
			path = Xylophone;
			sourceTree = "<group>";
		};
		7F0BC990241A55EF00C6E2AB /* XylophoneTests */ = {
			isa = PBXGroup;
			children = (
				7F0BC991241A55EF00C6E2AB /* XylophoneTests.swift */,
				7F0BC993241A55EF00C6E2AB /* Info.plist */,
			);
			path = XylophoneTests;
			sourceTree = "<group>";
		};
		7F0BC99B241A55EF00C6E2AB /* XylophoneUITests */ = {
			isa = PBXGroup;
			children = (
				7F0BC99C241A55EF00C6E2AB /* XylophoneUITests.swift */,
				7F0BC99E241A55EF00C6E2AB /* Info.plist */,
			);
			path = XylophoneUITests;
			sourceTree = "<group>";
		};
/* End PBXGroup section */

/* Begin PBXNativeTarget section */
		7F0BC976241A55EF00C6E2AB /* Xylophone */ = {
			isa = PBXNativeTarget;
			buildConfigurationList = 7F0BC9A1241A55EF00C6E2AB /* Build configuration list for PBXNativeTarget "Xylophone" */;
			buildPhases = (
				7F0BC973241A55EF00C6E2AB /* Sources */,
				7F0BC974241A55EF00C6E2AB /* Frameworks */,
				7F0BC975241A55EF00C6E2AB /* Resources */,
			);
			buildRules = (
			);
			dependencies = (
			);
			name = Xylophone;
			productName = Xylophone;
			productReference = 7F0BC977241A55EF00C6E2AB /* Xylophone.app */;
			productType = "com.apple.product-type.application";
		};
		7F0BC98C241A55EF00C6E2AB /* XylophoneTests */ = {
			isa = PBXNativeTarget;
			buildConfigurationList = 7F0BC9A4241A55EF00C6E2AB /* Build configuration list for PBXNativeTarget "XylophoneTests" */;
			buildPhases = (
				7F0BC989241A55EF00C6E2AB /* Sources */,
				7F0BC98A241A55EF00C6E2AB /* Frameworks */,
				7F0BC98B241A55EF00C6E2AB /* Resources */,
			);
			buildRules = (
			);
			dependencies = (
				7F0BC98F241A55EF00C6E2AB /* PBXTargetDependency */,
			);
			name = XylophoneTests;
			productName = XylophoneTests;
			productReference = 7F0BC98D241A55EF00C6E2AB /* XylophoneTests.xctest */;
			productType = "com.apple.product-type.bundle.unit-test";
		};
		7F0BC997241A55EF00C6E2AB /* XylophoneUITests */ = {
			isa = PBXNativeTarget;
			buildConfigurationList = 7F0BC9A7241A55EF00C6E2AB /* Build configuration list for PBXNativeTarget "XylophoneUITests" */;
			buildPhases = (
				7F0BC994241A55EF00C6E2AB /* Sources */,
				7F0BC995241A55EF00C6E2AB /* Frameworks */,
				7F0BC996241A55EF00C6E2AB /* Resources */,
			);
			buildRules = (
			);
			dependencies = (
				7F0BC99A241A55EF00C6E2AB /* PBXTargetDependency */,
			);
			name = XylophoneUITests;
			productName = XylophoneUITests;
			productReference = 7F0BC998241A55EF00C6E2AB /* XylophoneUITests.xctest */;
			productType = "com.apple.product-type.bundle.ui-testing";
		};
/* End PBXNativeTarget section */

/* Begin PBXProject section */
		7F0BC96F241A55EF00C6E2AB /* Project object */ = {
			isa = PBXProject;
			attributes = {
				LastSwiftUpdateCheck = 1130;
				LastUpgradeCheck = 1130;
				ORGANIZATIONNAME = "Stefka Vacheva";
				TargetAttributes = {
					7F0BC976241A55EF00C6E2AB = {
						CreatedOnToolsVersion = 11.3.1;
					};
					7F0BC98C241A55EF00C6E2AB = {
						CreatedOnToolsVersion = 11.3.1;
						TestTargetID = 7F0BC976241A55EF00C6E2AB;
					};
					7F0BC997241A55EF00C6E2AB = {
						CreatedOnToolsVersion = 11.3.1;
						TestTargetID = 7F0BC976241A55EF00C6E2AB;
					};
				};
			};
			buildConfigurationList = 7F0BC972241A55EF00C6E2AB /* Build configuration list for PBXProject "Xylophone" */;
			compatibilityVersion = "Xcode 9.3";
			developmentRegion = en;
			hasScannedForEncodings = 0;
			knownRegions = (
				en,
				Base,
			);
			mainGroup = 7F0BC96E241A55EF00C6E2AB;
			productRefGroup = 7F0BC978241A55EF00C6E2AB /* Products */;
			projectDirPath = "";
			projectRoot = "";
			targets = (
				7F0BC976241A55EF00C6E2AB /* Xylophone */,
				7F0BC98C241A55EF00C6E2AB /* XylophoneTests */,
				7F0BC997241A55EF00C6E2AB /* XylophoneUITests */,
			);
		};
/* End PBXProject section */

/* Begin PBXResourcesBuildPhase section */
		7F0BC975241A55EF00C6E2AB /* Resources */ = {
			isa = PBXResourcesBuildPhase;
			buildActionMask = 2147483647;
			files = (
				7F0BC987241A55EF00C6E2AB /* LaunchScreen.storyboard in Resources */,
				7F0BC984241A55EF00C6E2AB /* Assets.xcassets in Resources */,
				7F0BC982241A55EF00C6E2AB /* Main.storyboard in Resources */,
			);
			runOnlyForDeploymentPostprocessing = 0;
		};
		7F0BC98B241A55EF00C6E2AB /* Resources */ = {
			isa = PBXResourcesBuildPhase;
			buildActionMask = 2147483647;
			files = (
			);
			runOnlyForDeploymentPostprocessing = 0;
		};
		7F0BC996241A55EF00C6E2AB /* Resources */ = {
			isa = PBXResourcesBuildPhase;
			buildActionMask = 2147483647;
			files = (
			);
			runOnlyForDeploymentPostprocessing = 0;
		};
/* End PBXResourcesBuildPhase section */

/* Begin PBXSourcesBuildPhase section */
		7F0BC973241A55EF00C6E2AB /* Sources */ = {
			isa = PBXSourcesBuildPhase;
			buildActionMask = 2147483647;
			files = (
				7F0BC97F241A55EF00C6E2AB /* ViewController.swift in Sources */,
				7F0BC97B241A55EF00C6E2AB /* AppDelegate.swift in Sources */,
				7F0BC97D241A55EF00C6E2AB /* SceneDelegate.swift in Sources */,
			);
			runOnlyForDeploymentPostprocessing = 0;
		};
		7F0BC989241A55EF00C6E2AB /* Sources */ = {
			isa = PBXSourcesBuildPhase;
			buildActionMask = 2147483647;
			files = (
				7F0BC992241A55EF00C6E2AB /* XylophoneTests.swift in Sources */,
			);
			runOnlyForDeploymentPostprocessing = 0;
		};
		7F0BC994241A55EF00C6E2AB /* Sources */ = {
			isa = PBXSourcesBuildPhase;
			buildActionMask = 2147483647;
			files = (
				7F0BC99D241A55EF00C6E2AB /* XylophoneUITests.swift in Sources */,
			);
			runOnlyForDeploymentPostprocessing = 0;
		};
/* End PBXSourcesBuildPhase section */

/* Begin PBXTargetDependency section */
		7F0BC98F241A55EF00C6E2AB /* PBXTargetDependency */ = {
			isa = PBXTargetDependency;
			target = 7F0BC976241A55EF00C6E2AB /* Xylophone */;
			targetProxy = 7F0BC98E241A55EF00C6E2AB /* PBXContainerItemProxy */;
		};
		7F0BC99A241A55EF00C6E2AB /* PBXTargetDependency */ = {
			isa = PBXTargetDependency;
			target = 7F0BC976241A55EF00C6E2AB /* Xylophone */;
			targetProxy = 7F0BC999241A55EF00C6E2AB /* PBXContainerItemProxy */;
		};
/* End PBXTargetDependency section */

/* Begin PBXVariantGroup section */
		7F0BC980241A55EF00C6E2AB /* Main.storyboard */ = {
			isa = PBXVariantGroup;
			children = (
				7F0BC981241A55EF00C6E2AB /* Base */,
			);
			name = Main.storyboard;
			sourceTree = "<group>";
		};
		7F0BC985241A55EF00C6E2AB /* LaunchScreen.storyboard */ = {
			isa = PBXVariantGroup;
			children = (
				7F0BC986241A55EF00C6E2AB /* Base */,
			);
			name = LaunchScreen.storyboard;
			sourceTree = "<group>";
		};
/* End PBXVariantGroup section */

/* Begin XCBuildConfiguration section */
		7F0BC99F241A55EF00C6E2AB /* Debug */ = {
			isa = XCBuildConfiguration;
			buildSettings = {
				ALWAYS_SEARCH_USER_PATHS = NO;
				CLANG_ANALYZER_NONNULL = YES;
				CLANG_ANALYZER_NUMBER_OBJECT_CONVERSION = YES_AGGRESSIVE;
				CLANG_CXX_LANGUAGE_STANDARD = "gnu++14";
				CLANG_CXX_LIBRARY = "libc++";
				CLANG_ENABLE_MODULES = YES;
				CLANG_ENABLE_OBJC_ARC = YES;
				CLANG_ENABLE_OBJC_WEAK = YES;
				CLANG_WARN_BLOCK_CAPTURE_AUTORELEASING = YES;
				CLANG_WARN_BOOL_CONVERSION = YES;
				CLANG_WARN_COMMA = YES;
				CLANG_WARN_CONSTANT_CONVERSION = YES;
				CLANG_WARN_DEPRECATED_OBJC_IMPLEMENTATIONS = YES;
				CLANG_WARN_DIRECT_OBJC_ISA_USAGE = YES_ERROR;
				CLANG_WARN_DOCUMENTATION_COMMENTS = YES;
				CLANG_WARN_EMPTY_BODY = YES;
				CLANG_WARN_ENUM_CONVERSION = YES;
				CLANG_WARN_INFINITE_RECURSION = YES;
				CLANG_WARN_INT_CONVERSION = YES;
				CLANG_WARN_NON_LITERAL_NULL_CONVERSION = YES;
				CLANG_WARN_OBJC_IMPLICIT_RETAIN_SELF = YES;
				CLANG_WARN_OBJC_LITERAL_CONVERSION = YES;
				CLANG_WARN_OBJC_ROOT_CLASS = YES_ERROR;
				CLANG_WARN_RANGE_LOOP_ANALYSIS = YES;
				CLANG_WARN_STRICT_PROTOTYPES = YES;
				CLANG_WARN_SUSPICIOUS_MOVE = YES;
				CLANG_WARN_UNGUARDED_AVAILABILITY = YES_AGGRESSIVE;
				CLANG_WARN_UNREACHABLE_CODE = YES;
				CLANG_WARN__DUPLICATE_METHOD_MATCH = YES;
				COPY_PHASE_STRIP = NO;
				DEBUG_INFORMATION_FORMAT = dwarf;
				ENABLE_STRICT_OBJC_MSGSEND = YES;
				ENABLE_TESTABILITY = YES;
				GCC_C_LANGUAGE_STANDARD = gnu11;
				GCC_DYNAMIC_NO_PIC = NO;
				GCC_NO_COMMON_BLOCKS = YES;
				GCC_OPTIMIZATION_LEVEL = 0;
				GCC_PREPROCESSOR_DEFINITIONS = (
					"DEBUG=1",
					"$(inherited)",
				);
				GCC_WARN_64_TO_32_BIT_CONVERSION = YES;
				GCC_WARN_ABOUT_RETURN_TYPE = YES_ERROR;
				GCC_WARN_UNDECLARED_SELECTOR = YES;
				GCC_WARN_UNINITIALIZED_AUTOS = YES_AGGRESSIVE;
				GCC_WARN_UNUSED_FUNCTION = YES;
				GCC_WARN_UNUSED_VARIABLE = YES;
				IPHONEOS_DEPLOYMENT_TARGET = 13.2;
				MTL_ENABLE_DEBUG_INFO = INCLUDE_SOURCE;
				MTL_FAST_MATH = YES;
				ONLY_ACTIVE_ARCH = YES;
				SDKROOT = iphoneos;
				SWIFT_ACTIVE_COMPILATION_CONDITIONS = DEBUG;
				SWIFT_OPTIMIZATION_LEVEL = "-Onone";
			};
			name = Debug;
		};
		7F0BC9A0241A55EF00C6E2AB /* Release */ = {
			isa = XCBuildConfiguration;
			buildSettings = {
				ALWAYS_SEARCH_USER_PATHS = NO;
				CLANG_ANALYZER_NONNULL = YES;
				CLANG_ANALYZER_NUMBER_OBJECT_CONVERSION = YES_AGGRESSIVE;
				CLANG_CXX_LANGUAGE_STANDARD = "gnu++14";
				CLANG_CXX_LIBRARY = "libc++";
				CLANG_ENABLE_MODULES = YES;
				CLANG_ENABLE_OBJC_ARC = YES;
				CLANG_ENABLE_OBJC_WEAK = YES;
				CLANG_WARN_BLOCK_CAPTURE_AUTORELEASING = YES;
				CLANG_WARN_BOOL_CONVERSION = YES;
				CLANG_WARN_COMMA = YES;
				CLANG_WARN_CONSTANT_CONVERSION = YES;
				CLANG_WARN_DEPRECATED_OBJC_IMPLEMENTATIONS = YES;
				CLANG_WARN_DIRECT_OBJC_ISA_USAGE = YES_ERROR;
				CLANG_WARN_DOCUMENTATION_COMMENTS = YES;
				CLANG_WARN_EMPTY_BODY = YES;
				CLANG_WARN_ENUM_CONVERSION = YES;
				CLANG_WARN_INFINITE_RECURSION = YES;
				CLANG_WARN_INT_CONVERSION = YES;
				CLANG_WARN_NON_LITERAL_NULL_CONVERSION = YES;
				CLANG_WARN_OBJC_IMPLICIT_RETAIN_SELF = YES;
				CLANG_WARN_OBJC_LITERAL_CONVERSION = YES;
				CLANG_WARN_OBJC_ROOT_CLASS = YES_ERROR;
				CLANG_WARN_RANGE_LOOP_ANALYSIS = YES;
				CLANG_WARN_STRICT_PROTOTYPES = YES;
				CLANG_WARN_SUSPICIOUS_MOVE = YES;
				CLANG_WARN_UNGUARDED_AVAILABILITY = YES_AGGRESSIVE;
				CLANG_WARN_UNREACHABLE_CODE = YES;
				CLANG_WARN__DUPLICATE_METHOD_MATCH = YES;
				COPY_PHASE_STRIP = NO;
				DEBUG_INFORMATION_FORMAT = "dwarf-with-dsym";
				ENABLE_NS_ASSERTIONS = NO;
				ENABLE_STRICT_OBJC_MSGSEND = YES;
				GCC_C_LANGUAGE_STANDARD = gnu11;
				GCC_NO_COMMON_BLOCKS = YES;
				GCC_WARN_64_TO_32_BIT_CONVERSION = YES;
				GCC_WARN_ABOUT_RETURN_TYPE = YES_ERROR;
				GCC_WARN_UNDECLARED_SELECTOR = YES;
				GCC_WARN_UNINITIALIZED_AUTOS = YES_AGGRESSIVE;
				GCC_WARN_UNUSED_FUNCTION = YES;
				GCC_WARN_UNUSED_VARIABLE = YES;
				IPHONEOS_DEPLOYMENT_TARGET = 13.2;
				MTL_ENABLE_DEBUG_INFO = NO;
				MTL_FAST_MATH = YES;
				SDKROOT = iphoneos;
				SWIFT_COMPILATION_MODE = wholemodule;
				SWIFT_OPTIMIZATION_LEVEL = "-O";
				VALIDATE_PRODUCT = YES;
			};
			name = Release;
		};
		7F0BC9A2241A55EF00C6E2AB /* Debug */ = {
			isa = XCBuildConfiguration;
			buildSettings = {
				ASSETCATALOG_COMPILER_APPICON_NAME = AppIcon;
				CODE_SIGN_STYLE = Automatic;
				INFOPLIST_FILE = Xylophone/Info.plist;
				LD_RUNPATH_SEARCH_PATHS = (
					"$(inherited)",
					"@executable_path/Frameworks",
				);
				PRODUCT_BUNDLE_IDENTIFIER = self.edu.Xylophone;
				PRODUCT_NAME = "$(TARGET_NAME)";
				SWIFT_VERSION = 5.0;
				TARGETED_DEVICE_FAMILY = "1,2";
			};
			name = Debug;
		};
		7F0BC9A3241A55EF00C6E2AB /* Release */ = {
			isa = XCBuildConfiguration;
			buildSettings = {
				ASSETCATALOG_COMPILER_APPICON_NAME = AppIcon;
				CODE_SIGN_STYLE = Automatic;
				INFOPLIST_FILE = Xylophone/Info.plist;
				LD_RUNPATH_SEARCH_PATHS = (
					"$(inherited)",
					"@executable_path/Frameworks",
				);
				PRODUCT_BUNDLE_IDENTIFIER = self.edu.Xylophone;
				PRODUCT_NAME = "$(TARGET_NAME)";
				SWIFT_VERSION = 5.0;
				TARGETED_DEVICE_FAMILY = "1,2";
			};
			name = Release;
		};
		7F0BC9A5241A55EF00C6E2AB /* Debug */ = {
			isa = XCBuildConfiguration;
			buildSettings = {
				ALWAYS_EMBED_SWIFT_STANDARD_LIBRARIES = YES;
				BUNDLE_LOADER = "$(TEST_HOST)";
				CODE_SIGN_STYLE = Automatic;
				INFOPLIST_FILE = XylophoneTests/Info.plist;
				IPHONEOS_DEPLOYMENT_TARGET = 13.2;
				LD_RUNPATH_SEARCH_PATHS = (
					"$(inherited)",
					"@executable_path/Frameworks",
					"@loader_path/Frameworks",
				);
				PRODUCT_BUNDLE_IDENTIFIER = self.edu.XylophoneTests;
				PRODUCT_NAME = "$(TARGET_NAME)";
				SWIFT_VERSION = 5.0;
				TARGETED_DEVICE_FAMILY = "1,2";
				TEST_HOST = "$(BUILT_PRODUCTS_DIR)/Xylophone.app/Xylophone";
			};
			name = Debug;
		};
		7F0BC9A6241A55EF00C6E2AB /* Release */ = {
			isa = XCBuildConfiguration;
			buildSettings = {
				ALWAYS_EMBED_SWIFT_STANDARD_LIBRARIES = YES;
				BUNDLE_LOADER = "$(TEST_HOST)";
				CODE_SIGN_STYLE = Automatic;
				INFOPLIST_FILE = XylophoneTests/Info.plist;
				IPHONEOS_DEPLOYMENT_TARGET = 13.2;
				LD_RUNPATH_SEARCH_PATHS = (
					"$(inherited)",
					"@executable_path/Frameworks",
					"@loader_path/Frameworks",
				);
				PRODUCT_BUNDLE_IDENTIFIER = self.edu.XylophoneTests;
				PRODUCT_NAME = "$(TARGET_NAME)";
				SWIFT_VERSION = 5.0;
				TARGETED_DEVICE_FAMILY = "1,2";
				TEST_HOST = "$(BUILT_PRODUCTS_DIR)/Xylophone.app/Xylophone";
			};
			name = Release;
		};
		7F0BC9A8241A55EF00C6E2AB /* Debug */ = {
			isa = XCBuildConfiguration;
			buildSettings = {
				ALWAYS_EMBED_SWIFT_STANDARD_LIBRARIES = YES;
				CODE_SIGN_STYLE = Automatic;
				INFOPLIST_FILE = XylophoneUITests/Info.plist;
				LD_RUNPATH_SEARCH_PATHS = (
					"$(inherited)",
					"@executable_path/Frameworks",
					"@loader_path/Frameworks",
				);
				PRODUCT_BUNDLE_IDENTIFIER = self.edu.XylophoneUITests;
				PRODUCT_NAME = "$(TARGET_NAME)";
				SWIFT_VERSION = 5.0;
				TARGETED_DEVICE_FAMILY = "1,2";
				TEST_TARGET_NAME = Xylophone;
			};
			name = Debug;
		};
		7F0BC9A9241A55EF00C6E2AB /* Release */ = {
			isa = XCBuildConfiguration;
			buildSettings = {
				ALWAYS_EMBED_SWIFT_STANDARD_LIBRARIES = YES;
				CODE_SIGN_STYLE = Automatic;
				INFOPLIST_FILE = XylophoneUITests/Info.plist;
				LD_RUNPATH_SEARCH_PATHS = (
					"$(inherited)",
					"@executable_path/Frameworks",
					"@loader_path/Frameworks",
				);
				PRODUCT_BUNDLE_IDENTIFIER = self.edu.XylophoneUITests;
				PRODUCT_NAME = "$(TARGET_NAME)";
				SWIFT_VERSION = 5.0;
				TARGETED_DEVICE_FAMILY = "1,2";
				TEST_TARGET_NAME = Xylophone;
			};
			name = Release;
		};
/* End XCBuildConfiguration section */

/* Begin XCConfigurationList section */
		7F0BC972241A55EF00C6E2AB /* Build configuration list for PBXProject "Xylophone" */ = {
			isa = XCConfigurationList;
			buildConfigurations = (
				7F0BC99F241A55EF00C6E2AB /* Debug */,
				7F0BC9A0241A55EF00C6E2AB /* Release */,
			);
			defaultConfigurationIsVisible = 0;
			defaultConfigurationName = Release;
		};
		7F0BC9A1241A55EF00C6E2AB /* Build configuration list for PBXNativeTarget "Xylophone" */ = {
			isa = XCConfigurationList;
			buildConfigurations = (
				7F0BC9A2241A55EF00C6E2AB /* Debug */,
				7F0BC9A3241A55EF00C6E2AB /* Release */,
			);
			defaultConfigurationIsVisible = 0;
			defaultConfigurationName = Release;
		};
		7F0BC9A4241A55EF00C6E2AB /* Build configuration list for PBXNativeTarget "XylophoneTests" */ = {
			isa = XCConfigurationList;
			buildConfigurations = (
				7F0BC9A5241A55EF00C6E2AB /* Debug */,
				7F0BC9A6241A55EF00C6E2AB /* Release */,
			);
			defaultConfigurationIsVisible = 0;
			defaultConfigurationName = Release;
		};
		7F0BC9A7241A55EF00C6E2AB /* Build configuration list for PBXNativeTarget "XylophoneUITests" */ = {
			isa = XCConfigurationList;
			buildConfigurations = (
				7F0BC9A8241A55EF00C6E2AB /* Debug */,
				7F0BC9A9241A55EF00C6E2AB /* Release */,
			);
			defaultConfigurationIsVisible = 0;
			defaultConfigurationName = Release;
		};
/* End XCConfigurationList section */
	};
	rootObject = 7F0BC96F241A55EF00C6E2AB /* Project object */;
}
